PODS:
  - Flutter (1.0.0)
  - flutter_soloud (0.0.1):
    - Flutter
  - flutter_tts (0.0.1):
    - Flutter

DEPENDENCIES:
  - Flutter (from `Flutter`)
  - flutter_soloud (from `.symlinks/plugins/flutter_soloud/ios`)
  - flutter_tts (from `.symlinks/plugins/flutter_tts/ios`)

EXTERNAL SOURCES:
  Flutter:
    :path: Flutter
  flutter_soloud:
    :path: ".symlinks/plugins/flutter_soloud/ios"
  flutter_tts:
    :path: ".symlinks/plugins/flutter_tts/ios"

SPEC CHECKSUMS:
  Flutter: cabc95a1d2626b1b06e7179b784ebcf0c0cde467
  flutter_soloud: 272cc604453b6ca135f274045fb259e7c6426122
  flutter_tts: 35ac3c7d42412733e795ea96ad2d7e05d0a75113

PODFILE CHECKSUM: 3c63482e143d1b91d2d2560aee9fb04ecc74ac7e

COCOAPODS: 1.17.0
